
Microsoft Visual Studio Solution File, Format Version 12.00
# Visual Studio Version 17
VisualStudioVersion = 17.14.36414.22 d17.14
MinimumVisualStudioVersion = 10.0.40219.1
Project("{FAE04EC0-301F-11D3-BF4B-00C04F79EFBC}") = "Teste", "Teste\Teste.csproj", "{58FA66F0-D128-4D33-A2E6-1B04D3BBC9DA}"
EndProject
Global
	GlobalSection(SolutionConfigurationPlatforms) = preSolution
		Debug|Any CPU = Debug|Any CPU
		Release|Any CPU = Release|Any CPU
	EndGlobalSection
	GlobalSection(ProjectConfigurationPlatforms) = postSolution
		{58FA66F0-D128-4D33-A2E6-1B04D3BBC9DA}.Debug|Any CPU.ActiveCfg = Debug|Any CPU
		{58FA66F0-D128-4D33-A2E6-1B04D3BBC9DA}.Debug|Any CPU.Build.0 = Debug|Any CPU
		{58FA66F0-D128-4D33-A2E6-1B04D3BBC9DA}.Release|Any CPU.ActiveCfg = Release|Any CPU
		{58FA66F0-D128-4D33-A2E6-1B04D3BBC9DA}.Release|Any CPU.Build.0 = Release|Any CPU
	EndGlobalSection
	GlobalSection(SolutionProperties) = preSolution
		HideSolutionNode = FALSE
	EndGlobalSection
	GlobalSection(ExtensibilityGlobals) = postSolution
		SolutionGuid = {61B73291-8F8E-4899-86FE-0478971807A6}
	EndGlobalSection
EndGlobal
